
Microsoft Visual Studio Solution File, Format Version 12.00
# Visual Studio Version 17
VisualStudioVersion = 17.7.34221.43
MinimumVisualStudioVersion = 10.0.40219.1
Project("{FAE04EC0-301F-11D3-BF4B-00C04F79EFBC}") = "PDV_Joalheria", "PDV_Joalheria\PDV_Joalheria.csproj", "{F2F7E98D-D8A1-4A0C-97D5-95B8BB7367F6}"
EndProject
Global
	GlobalSection(SolutionConfigurationPlatforms) = preSolution
		Debug|Any CPU = Debug|Any CPU
		Release|Any CPU = Release|Any CPU
	EndGlobalSection
	GlobalSection(ProjectConfigurationPlatforms) = postSolution
		{F2F7E98D-D8A1-4A0C-97D5-95B8BB7367F6}.Debug|Any CPU.ActiveCfg = Debug|Any CPU
		{F2F7E98D-D8A1-4A0C-97D5-95B8BB7367F6}.Debug|Any CPU.Build.0 = Debug|Any CPU
		{F2F7E98D-D8A1-4A0C-97D5-95B8BB7367F6}.Release|Any CPU.ActiveCfg = Release|Any CPU
		{F2F7E98D-D8A1-4A0C-97D5-95B8BB7367F6}.Release|Any CPU.Build.0 = Release|Any CPU
	EndGlobalSection
	GlobalSection(SolutionProperties) = preSolution
		HideSolutionNode = FALSE
	EndGlobalSection
	GlobalSection(ExtensibilityGlobals) = postSolution
		SolutionGuid = {6D82C220-D2C3-462D-A428-B3FE6C9132AB}
	EndGlobalSection
EndGlobal
